// !$*UTF8*$!
{
	archiveVersion = 1;
	classes = {
	};
	objectVersion = 56;
	objects = {

/* Begin PBXBuildFile section */
		525E320C299CECEB00B1F99D /* AppDelegate.swift in Sources */ = {isa = PBXBuildFile; fileRef = 525E320B299CECEB00B1F99D /* AppDelegate.swift */; };
		525E320E299CECEB00B1F99D /* SceneDelegate.swift in Sources */ = {isa = PBXBuildFile; fileRef = 525E320D299CECEB00B1F99D /* SceneDelegate.swift */; };
		525E3210299CECEB00B1F99D /* ViewController.swift in Sources */ = {isa = PBXBuildFile; fileRef = 525E320F299CECEB00B1F99D /* ViewController.swift */; };
		525E3213299CECEB00B1F99D /* Main.storyboard in Resources */ = {isa = PBXBuildFile; fileRef = 525E3211299CECEB00B1F99D /* Main.storyboard */; };
		525E3215299CECED00B1F99D /* Assets.xcassets in Resources */ = {isa = PBXBuildFile; fileRef = 525E3214299CECED00B1F99D /* Assets.xcassets */; };
		525E3218299CECED00B1F99D /* LaunchScreen.storyboard in Resources */ = {isa = PBXBuildFile; fileRef = 525E3216299CECED00B1F99D /* LaunchScreen.storyboard */; };
		525E3220299CED6300B1F99D /* SecondStoryboard.storyboard in Resources */ = {isa = PBXBuildFile; fileRef = 525E321F299CED6300B1F99D /* SecondStoryboard.storyboard */; };
		525E3222299CED7D00B1F99D /* SecondViewController.swift in Sources */ = {isa = PBXBuildFile; fileRef = 525E3221299CED7D00B1F99D /* SecondViewController.swift */; };
		525E3224299CEDCB00B1F99D /* ThirdViewController.swift in Sources */ = {isa = PBXBuildFile; fileRef = 525E3223299CEDCB00B1F99D /* ThirdViewController.swift */; };
		525E3228299CF34900B1F99D /* ForthStoryboard.storyboard in Resources */ = {isa = PBXBuildFile; fileRef = 525E3227299CF34800B1F99D /* ForthStoryboard.storyboard */; };
		525E322A299CF39E00B1F99D /* FourthViewController.swift in Sources */ = {isa = PBXBuildFile; fileRef = 525E3229299CF39E00B1F99D /* FourthViewController.swift */; };
/* End PBXBuildFile section */

/* Begin PBXFileReference section */
		525E3208299CECEB00B1F99D /* NewDay3.app */ = {isa = PBXFileReference; explicitFileType = wrapper.application; includeInIndex = 0; path = NewDay3.app; sourceTree = BUILT_PRODUCTS_DIR; };
		525E320B299CECEB00B1F99D /* AppDelegate.swift */ = {isa = PBXFileReference; lastKnownFileType = sourcecode.swift; path = AppDelegate.swift; sourceTree = "<group>"; };
		525E320D299CECEB00B1F99D /* SceneDelegate.swift */ = {isa = PBXFileReference; lastKnownFileType = sourcecode.swift; path = SceneDelegate.swift; sourceTree = "<group>"; };
		525E320F299CECEB00B1F99D /* ViewController.swift */ = {isa = PBXFileReference; lastKnownFileType = sourcecode.swift; path = ViewController.swift; sourceTree = "<group>"; };
		525E3212299CECEB00B1F99D /* Base */ = {isa = PBXFileReference; lastKnownFileType = file.storyboard; name = Base; path = Base.lproj/Main.storyboard; sourceTree = "<group>"; };
		525E3214299CECED00B1F99D /* Assets.xcassets */ = {isa = PBXFileReference; lastKnownFileType = folder.assetcatalog; path = Assets.xcassets; sourceTree = "<group>"; };
		525E3217299CECED00B1F99D /* Base */ = {isa = PBXFileReference; lastKnownFileType = file.storyboard; name = Base; path = Base.lproj/LaunchScreen.storyboard; sourceTree = "<group>"; };
		525E3219299CECED00B1F99D /* Info.plist */ = {isa = PBXFileReference; lastKnownFileType = text.plist.xml; path = Info.plist; sourceTree = "<group>"; };
		525E321F299CED6300B1F99D /* SecondStoryboard.storyboard */ = {isa = PBXFileReference; lastKnownFileType = file.storyboard; path = SecondStoryboard.storyboard; sourceTree = "<group>"; };
		525E3221299CED7D00B1F99D /* SecondViewController.swift */ = {isa = PBXFileReference; lastKnownFileType = sourcecode.swift; path = SecondViewController.swift; sourceTree = "<group>"; };
		525E3223299CEDCB00B1F99D /* ThirdViewController.swift */ = {isa = PBXFileReference; lastKnownFileType = sourcecode.swift; path = ThirdViewController.swift; sourceTree = "<group>"; };
		525E3227299CF34800B1F99D /* ForthStoryboard.storyboard */ = {isa = PBXFileReference; lastKnownFileType = file.storyboard; path = ForthStoryboard.storyboard; sourceTree = "<group>"; };
		525E3229299CF39E00B1F99D /* FourthViewController.swift */ = {isa = PBXFileReference; lastKnownFileType = sourcecode.swift; path = FourthViewController.swift; sourceTree = "<group>"; };
/* End PBXFileReference section */

/* Begin PBXFrameworksBuildPhase section */
		525E3205299CECEB00B1F99D /* Frameworks */ = {
			isa = PBXFrameworksBuildPhase;
			buildActionMask = 2147483647;
			files = (
			);
			runOnlyForDeploymentPostprocessing = 0;
		};
/* End PBXFrameworksBuildPhase section */

/* Begin PBXGroup section */
		525E31FF299CECEB00B1F99D = {
			isa = PBXGroup;
			children = (
				525E320A299CECEB00B1F99D /* NewDay3 */,
				525E3209299CECEB00B1F99D /* Products */,
			);
			sourceTree = "<group>";
		};
		525E3209299CECEB00B1F99D /* Products */ = {
			isa = PBXGroup;
			children = (
				525E3208299CECEB00B1F99D /* NewDay3.app */,
			);
			name = Products;
			sourceTree = "<group>";
		};
		525E320A299CECEB00B1F99D /* NewDay3 */ = {
			isa = PBXGroup;
			children = (
				525E320B299CECEB00B1F99D /* AppDelegate.swift */,
				525E320D299CECEB00B1F99D /* SceneDelegate.swift */,
				525E320F299CECEB00B1F99D /* ViewController.swift */,
				525E3211299CECEB00B1F99D /* Main.storyboard */,
				525E3214299CECED00B1F99D /* Assets.xcassets */,
				525E3216299CECED00B1F99D /* LaunchScreen.storyboard */,
				525E3219299CECED00B1F99D /* Info.plist */,
				525E321F299CED6300B1F99D /* SecondStoryboard.storyboard */,
				525E3221299CED7D00B1F99D /* SecondViewController.swift */,
				525E3223299CEDCB00B1F99D /* ThirdViewController.swift */,
				525E3227299CF34800B1F99D /* ForthStoryboard.storyboard */,
				525E3229299CF39E00B1F99D /* FourthViewController.swift */,
			);
			path = NewDay3;
			sourceTree = "<group>";
		};
/* End PBXGroup section */

/* Begin PBXNativeTarget section */
		525E3207299CECEB00B1F99D /* NewDay3 */ = {
			isa = PBXNativeTarget;
			buildConfigurationList = 525E321C299CECED00B1F99D /* Build configuration list for PBXNativeTarget "NewDay3" */;
			buildPhases = (
				525E3204299CECEB00B1F99D /* Sources */,
				525E3205299CECEB00B1F99D /* Frameworks */,
				525E3206299CECEB00B1F99D /* Resources */,
			);
			buildRules = (
			);
			dependencies = (
			);
			name = NewDay3;
			productName = NewDay3;
			productReference = 525E3208299CECEB00B1F99D /* NewDay3.app */;
			productType = "com.apple.product-type.application";
		};
/* End PBXNativeTarget section */

/* Begin PBXProject section */
		525E3200299CECEB00B1F99D /* Project object */ = {
			isa = PBXProject;
			attributes = {
				BuildIndependentTargetsInParallel = 1;
				LastSwiftUpdateCheck = 1420;
				LastUpgradeCheck = 1420;
				TargetAttributes = {
					525E3207299CECEB00B1F99D = {
						CreatedOnToolsVersion = 14.2;
					};
				};
			};
			buildConfigurationList = 525E3203299CECEB00B1F99D /* Build configuration list for PBXProject "NewDay3" */;
			compatibilityVersion = "Xcode 14.0";
			developmentRegion = en;
			hasScannedForEncodings = 0;
			knownRegions = (
				en,
				Base,
			);
			mainGroup = 525E31FF299CECEB00B1F99D;
			productRefGroup = 525E3209299CECEB00B1F99D /* Products */;
			projectDirPath = "";
			projectRoot = "";
			targets = (
				525E3207299CECEB00B1F99D /* NewDay3 */,
			);
		};
/* End PBXProject section */

/* Begin PBXResourcesBuildPhase section */
		525E3206299CECEB00B1F99D /* Resources */ = {
			isa = PBXResourcesBuildPhase;
			buildActionMask = 2147483647;
			files = (
				525E3218299CECED00B1F99D /* LaunchScreen.storyboard in Resources */,
				525E3215299CECED00B1F99D /* Assets.xcassets in Resources */,
				525E3228299CF34900B1F99D /* ForthStoryboard.storyboard in Resources */,
				525E3213299CECEB00B1F99D /* Main.storyboard in Resources */,
				525E3220299CED6300B1F99D /* SecondStoryboard.storyboard in Resources */,
			);
			runOnlyForDeploymentPostprocessing = 0;
		};
/* End PBXResourcesBuildPhase section */

/* Begin PBXSourcesBuildPhase section */
		525E3204299CECEB00B1F99D /* Sources */ = {
			isa = PBXSourcesBuildPhase;
			buildActionMask = 2147483647;
			files = (
				525E322A299CF39E00B1F99D /* FourthViewController.swift in Sources */,
				525E3222299CED7D00B1F99D /* SecondViewController.swift in Sources */,
				525E3210299CECEB00B1F99D /* ViewController.swift in Sources */,
				525E3224299CEDCB00B1F99D /* ThirdViewController.swift in Sources */,
				525E320C299CECEB00B1F99D /* AppDelegate.swift in Sources */,
				525E320E299CECEB00B1F99D /* SceneDelegate.swift in Sources */,
			);
			runOnlyForDeploymentPostprocessing = 0;
		};
/* End PBXSourcesBuildPhase section */

/* Begin PBXVariantGroup section */
		525E3211299CECEB00B1F99D /* Main.storyboard */ = {
			isa = PBXVariantGroup;
			children = (
				525E3212299CECEB00B1F99D /* Base */,
			);
			name = Main.storyboard;
			sourceTree = "<group>";
		};
		525E3216299CECED00B1F99D /* LaunchScreen.storyboard */ = {
			isa = PBXVariantGroup;
			children = (
				525E3217299CECED00B1F99D /* Base */,
			);
			name = LaunchScreen.storyboard;
			sourceTree = "<group>";
		};
/* End PBXVariantGroup section */

/* Begin XCBuildConfiguration section */
		525E321A299CECED00B1F99D /* Debug */ = {
			isa = XCBuildConfiguration;
			buildSettings = {
				ALWAYS_SEARCH_USER_PATHS = NO;
				CLANG_ANALYZER_NONNULL = YES;
				CLANG_ANALYZER_NUMBER_OBJECT_CONVERSION = YES_AGGRESSIVE;
				CLANG_CXX_LANGUAGE_STANDARD = "gnu++20";
				CLANG_ENABLE_MODULES = YES;
				CLANG_ENABLE_OBJC_ARC = YES;
				CLANG_ENABLE_OBJC_WEAK = YES;
				CLANG_WARN_BLOCK_CAPTURE_AUTORELEASING = YES;
				CLANG_WARN_BOOL_CONVERSION = YES;
				CLANG_WARN_COMMA = YES;
				CLANG_WARN_CONSTANT_CONVERSION = YES;
				CLANG_WARN_DEPRECATED_OBJC_IMPLEMENTATIONS = YES;
				CLANG_WARN_DIRECT_OBJC_ISA_USAGE = YES_ERROR;
				CLANG_WARN_DOCUMENTATION_COMMENTS = YES;
				CLANG_WARN_EMPTY_BODY = YES;
				CLANG_WARN_ENUM_CONVERSION = YES;
				CLANG_WARN_INFINITE_RECURSION = YES;
				CLANG_WARN_INT_CONVERSION = YES;
				CLANG_WARN_NON_LITERAL_NULL_CONVERSION = YES;
				CLANG_WARN_OBJC_IMPLICIT_RETAIN_SELF = YES;
				CLANG_WARN_OBJC_LITERAL_CONVERSION = YES;
				CLANG_WARN_OBJC_ROOT_CLASS = YES_ERROR;
				CLANG_WARN_QUOTED_INCLUDE_IN_FRAMEWORK_HEADER = YES;
				CLANG_WARN_RANGE_LOOP_ANALYSIS = YES;
				CLANG_WARN_STRICT_PROTOTYPES = YES;
				CLANG_WARN_SUSPICIOUS_MOVE = YES;
				CLANG_WARN_UNGUARDED_AVAILABILITY = YES_AGGRESSIVE;
				CLANG_WARN_UNREACHABLE_CODE = YES;
				CLANG_WARN__DUPLICATE_METHOD_MATCH = YES;
				COPY_PHASE_STRIP = NO;
				DEBUG_INFORMATION_FORMAT = dwarf;
				ENABLE_STRICT_OBJC_MSGSEND = YES;
				ENABLE_TESTABILITY = YES;
				GCC_C_LANGUAGE_STANDARD = gnu11;
				GCC_DYNAMIC_NO_PIC = NO;
				GCC_NO_COMMON_BLOCKS = YES;
				GCC_OPTIMIZATION_LEVEL = 0;
				GCC_PREPROCESSOR_DEFINITIONS = (
					"DEBUG=1",
					"$(inherited)",
				);
				GCC_WARN_64_TO_32_BIT_CONVERSION = YES;
				GCC_WARN_ABOUT_RETURN_TYPE = YES_ERROR;
				GCC_WARN_UNDECLARED_SELECTOR = YES;
				GCC_WARN_UNINITIALIZED_AUTOS = YES_AGGRESSIVE;
				GCC_WARN_UNUSED_FUNCTION = YES;
				GCC_WARN_UNUSED_VARIABLE = YES;
				IPHONEOS_DEPLOYMENT_TARGET = 16.2;
				MTL_ENABLE_DEBUG_INFO = INCLUDE_SOURCE;
				MTL_FAST_MATH = YES;
				ONLY_ACTIVE_ARCH = YES;
				SDKROOT = iphoneos;
				SWIFT_ACTIVE_COMPILATION_CONDITIONS = DEBUG;
				SWIFT_OPTIMIZATION_LEVEL = "-Onone";
			};
			name = Debug;
		};
		525E321B299CECED00B1F99D /* Release */ = {
			isa = XCBuildConfiguration;
			buildSettings = {
				ALWAYS_SEARCH_USER_PATHS = NO;
				CLANG_ANALYZER_NONNULL = YES;
				CLANG_ANALYZER_NUMBER_OBJECT_CONVERSION = YES_AGGRESSIVE;
				CLANG_CXX_LANGUAGE_STANDARD = "gnu++20";
				CLANG_ENABLE_MODULES = YES;
				CLANG_ENABLE_OBJC_ARC = YES;
				CLANG_ENABLE_OBJC_WEAK = YES;
				CLANG_WARN_BLOCK_CAPTURE_AUTORELEASING = YES;
				CLANG_WARN_BOOL_CONVERSION = YES;
				CLANG_WARN_COMMA = YES;
				CLANG_WARN_CONSTANT_CONVERSION = YES;
				CLANG_WARN_DEPRECATED_OBJC_IMPLEMENTATIONS = YES;
				CLANG_WARN_DIRECT_OBJC_ISA_USAGE = YES_ERROR;
				CLANG_WARN_DOCUMENTATION_COMMENTS = YES;
				CLANG_WARN_EMPTY_BODY = YES;
				CLANG_WARN_ENUM_CONVERSION = YES;
				CLANG_WARN_INFINITE_RECURSION = YES;
				CLANG_WARN_INT_CONVERSION = YES;
				CLANG_WARN_NON_LITERAL_NULL_CONVERSION = YES;
				CLANG_WARN_OBJC_IMPLICIT_RETAIN_SELF = YES;
				CLANG_WARN_OBJC_LITERAL_CONVERSION = YES;
				CLANG_WARN_OBJC_ROOT_CLASS = YES_ERROR;
				CLANG_WARN_QUOTED_INCLUDE_IN_FRAMEWORK_HEADER = YES;
				CLANG_WARN_RANGE_LOOP_ANALYSIS = YES;
				CLANG_WARN_STRICT_PROTOTYPES = YES;
				CLANG_WARN_SUSPICIOUS_MOVE = YES;
				CLANG_WARN_UNGUARDED_AVAILABILITY = YES_AGGRESSIVE;
				CLANG_WARN_UNREACHABLE_CODE = YES;
				CLANG_WARN__DUPLICATE_METHOD_MATCH = YES;
				COPY_PHASE_STRIP = NO;
				DEBUG_INFORMATION_FORMAT = "dwarf-with-dsym";
				ENABLE_NS_ASSERTIONS = NO;
				ENABLE_STRICT_OBJC_MSGSEND = YES;
				GCC_C_LANGUAGE_STANDARD = gnu11;
				GCC_NO_COMMON_BLOCKS = YES;
				GCC_WARN_64_TO_32_BIT_CONVERSION = YES;
				GCC_WARN_ABOUT_RETURN_TYPE = YES_ERROR;
				GCC_WARN_UNDECLARED_SELECTOR = YES;
				GCC_WARN_UNINITIALIZED_AUTOS = YES_AGGRESSIVE;
				GCC_WARN_UNUSED_FUNCTION = YES;
				GCC_WARN_UNUSED_VARIABLE = YES;
				IPHONEOS_DEPLOYMENT_TARGET = 16.2;
				MTL_ENABLE_DEBUG_INFO = NO;
				MTL_FAST_MATH = YES;
				SDKROOT = iphoneos;
				SWIFT_COMPILATION_MODE = wholemodule;
				SWIFT_OPTIMIZATION_LEVEL = "-O";
				VALIDATE_PRODUCT = YES;
			};
			name = Release;
		};
		525E321D299CECED00B1F99D /* Debug */ = {
			isa = XCBuildConfiguration;
			buildSettings = {
				ASSETCATALOG_COMPILER_APPICON_NAME = AppIcon;
				ASSETCATALOG_COMPILER_GLOBAL_ACCENT_COLOR_NAME = AccentColor;
				CODE_SIGN_STYLE = Automatic;
				CURRENT_PROJECT_VERSION = 1;
				GENERATE_INFOPLIST_FILE = YES;
				INFOPLIST_FILE = NewDay3/Info.plist;
				INFOPLIST_KEY_CFBundleDisplayName = NewDay3;
				INFOPLIST_KEY_UIApplicationSupportsIndirectInputEvents = YES;
				INFOPLIST_KEY_UILaunchStoryboardName = LaunchScreen;
				INFOPLIST_KEY_UIMainStoryboardFile = Main;
				INFOPLIST_KEY_UISupportedInterfaceOrientations_iPad = "UIInterfaceOrientationPortrait UIInterfaceOrientationPortraitUpsideDown UIInterfaceOrientationLandscapeLeft UIInterfaceOrientationLandscapeRight";
				INFOPLIST_KEY_UISupportedInterfaceOrientations_iPhone = "UIInterfaceOrientationPortrait UIInterfaceOrientationLandscapeLeft UIInterfaceOrientationLandscapeRight";
				LD_RUNPATH_SEARCH_PATHS = (
					"$(inherited)",
					"@executable_path/Frameworks",
				);
				MARKETING_VERSION = 1.0;
				PRODUCT_BUNDLE_IDENTIFIER = com.simform.NewDay3;
				PRODUCT_NAME = "$(TARGET_NAME)";
				SUPPORTED_PLATFORMS = "iphoneos iphonesimulator";
				SUPPORTS_MACCATALYST = NO;
				SUPPORTS_MAC_DESIGNED_FOR_IPHONE_IPAD = NO;
				SWIFT_EMIT_LOC_STRINGS = YES;
				SWIFT_VERSION = 5.0;
				TARGETED_DEVICE_FAMILY = 1;
			};
			name = Debug;
		};
		525E321E299CECED00B1F99D /* Release */ = {
			isa = XCBuildConfiguration;
			buildSettings = {
				ASSETCATALOG_COMPILER_APPICON_NAME = AppIcon;
				ASSETCATALOG_COMPILER_GLOBAL_ACCENT_COLOR_NAME = AccentColor;
				CODE_SIGN_STYLE = Automatic;
				CURRENT_PROJECT_VERSION = 1;
				GENERATE_INFOPLIST_FILE = YES;
				INFOPLIST_FILE = NewDay3/Info.plist;
				INFOPLIST_KEY_CFBundleDisplayName = NewDay3;
				INFOPLIST_KEY_UIApplicationSupportsIndirectInputEvents = YES;
				INFOPLIST_KEY_UILaunchStoryboardName = LaunchScreen;
				INFOPLIST_KEY_UIMainStoryboardFile = Main;
				INFOPLIST_KEY_UISupportedInterfaceOrientations_iPad = "UIInterfaceOrientationPortrait UIInterfaceOrientationPortraitUpsideDown UIInterfaceOrientationLandscapeLeft UIInterfaceOrientationLandscapeRight";
				INFOPLIST_KEY_UISupportedInterfaceOrientations_iPhone = "UIInterfaceOrientationPortrait UIInterfaceOrientationLandscapeLeft UIInterfaceOrientationLandscapeRight";
				LD_RUNPATH_SEARCH_PATHS = (
					"$(inherited)",
					"@executable_path/Frameworks",
				);
				MARKETING_VERSION = 1.0;
				PRODUCT_BUNDLE_IDENTIFIER = com.simform.NewDay3;
				PRODUCT_NAME = "$(TARGET_NAME)";
				SUPPORTED_PLATFORMS = "iphoneos iphonesimulator";
				SUPPORTS_MACCATALYST = NO;
				SUPPORTS_MAC_DESIGNED_FOR_IPHONE_IPAD = NO;
				SWIFT_EMIT_LOC_STRINGS = YES;
				SWIFT_VERSION = 5.0;
				TARGETED_DEVICE_FAMILY = 1;
			};
			name = Release;
		};
/* End XCBuildConfiguration section */

/* Begin XCConfigurationList section */
		525E3203299CECEB00B1F99D /* Build configuration list for PBXProject "NewDay3" */ = {
			isa = XCConfigurationList;
			buildConfigurations = (
				525E321A299CECED00B1F99D /* Debug */,
				525E321B299CECED00B1F99D /* Release */,
			);
			defaultConfigurationIsVisible = 0;
			defaultConfigurationName = Release;
		};
		525E321C299CECED00B1F99D /* Build configuration list for PBXNativeTarget "NewDay3" */ = {
			isa = XCConfigurationList;
			buildConfigurations = (
				525E321D299CECED00B1F99D /* Debug */,
				525E321E299CECED00B1F99D /* Release */,
			);
			defaultConfigurationIsVisible = 0;
			defaultConfigurationName = Release;
		};
/* End XCConfigurationList section */
	};
	rootObject = 525E3200299CECEB00B1F99D /* Project object */;
}
